// !$*UTF8*$!
{
	archiveVersion = 1;
	classes = {
	};
	objectVersion = 50;
	objects = {

/* Begin PBXBuildFile section */
		63F5570C21AFB62E00395FAF /* AppDelegate.swift in Sources */ = {isa = PBXBuildFile; fileRef = 63F5570B21AFB62E00395FAF /* AppDelegate.swift */; };
		63F5570E21AFB62E00395FAF /* ViewController.swift in Sources */ = {isa = PBXBuildFile; fileRef = 63F5570D21AFB62E00395FAF /* ViewController.swift */; };
		63F5571121AFB62E00395FAF /* Main.storyboard in Resources */ = {isa = PBXBuildFile; fileRef = 63F5570F21AFB62E00395FAF /* Main.storyboard */; };
		63F5571321AFB63100395FAF /* Assets.xcassets in Resources */ = {isa = PBXBuildFile; fileRef = 63F5571221AFB63100395FAF /* Assets.xcassets */; };
		63F5571621AFB63100395FAF /* LaunchScreen.storyboard in Resources */ = {isa = PBXBuildFile; fileRef = 63F5571421AFB63100395FAF /* LaunchScreen.storyboard */; };
		63F5572121AFB63100395FAF /* JenkinsGitProjTests.swift in Sources */ = {isa = PBXBuildFile; fileRef = 63F5572021AFB63100395FAF /* JenkinsGitProjTests.swift */; };
		63F5572C21AFB63100395FAF /* JenkinsGitProjUITests.swift in Sources */ = {isa = PBXBuildFile; fileRef = 63F5572B21AFB63100395FAF /* JenkinsGitProjUITests.swift */; };
/* End PBXBuildFile section */

/* Begin PBXContainerItemProxy section */
		63F5571D21AFB63100395FAF /* PBXContainerItemProxy */ = {
			isa = PBXContainerItemProxy;
			containerPortal = 63F5570021AFB62E00395FAF /* Project object */;
			proxyType = 1;
			remoteGlobalIDString = 63F5570721AFB62E00395FAF;
			remoteInfo = JenkinsGitProj;
		};
		63F5572821AFB63100395FAF /* PBXContainerItemProxy */ = {
			isa = PBXContainerItemProxy;
			containerPortal = 63F5570021AFB62E00395FAF /* Project object */;
			proxyType = 1;
			remoteGlobalIDString = 63F5570721AFB62E00395FAF;
			remoteInfo = JenkinsGitProj;
		};
/* End PBXContainerItemProxy section */

/* Begin PBXFileReference section */
		63F5570821AFB62E00395FAF /* JenkinsGitProj.app */ = {isa = PBXFileReference; explicitFileType = wrapper.application; includeInIndex = 0; path = JenkinsGitProj.app; sourceTree = BUILT_PRODUCTS_DIR; };
		63F5570B21AFB62E00395FAF /* AppDelegate.swift */ = {isa = PBXFileReference; lastKnownFileType = sourcecode.swift; path = AppDelegate.swift; sourceTree = "<group>"; };
		63F5570D21AFB62E00395FAF /* ViewController.swift */ = {isa = PBXFileReference; lastKnownFileType = sourcecode.swift; path = ViewController.swift; sourceTree = "<group>"; };
		63F5571021AFB62E00395FAF /* Base */ = {isa = PBXFileReference; lastKnownFileType = file.storyboard; name = Base; path = Base.lproj/Main.storyboard; sourceTree = "<group>"; };
		63F5571221AFB63100395FAF /* Assets.xcassets */ = {isa = PBXFileReference; lastKnownFileType = folder.assetcatalog; path = Assets.xcassets; sourceTree = "<group>"; };
		63F5571521AFB63100395FAF /* Base */ = {isa = PBXFileReference; lastKnownFileType = file.storyboard; name = Base; path = Base.lproj/LaunchScreen.storyboard; sourceTree = "<group>"; };
		63F5571721AFB63100395FAF /* Info.plist */ = {isa = PBXFileReference; lastKnownFileType = text.plist.xml; path = Info.plist; sourceTree = "<group>"; };
		63F5571C21AFB63100395FAF /* JenkinsGitProjTests.xctest */ = {isa = PBXFileReference; explicitFileType = wrapper.cfbundle; includeInIndex = 0; path = JenkinsGitProjTests.xctest; sourceTree = BUILT_PRODUCTS_DIR; };
		63F5572021AFB63100395FAF /* JenkinsGitProjTests.swift */ = {isa = PBXFileReference; lastKnownFileType = sourcecode.swift; path = JenkinsGitProjTests.swift; sourceTree = "<group>"; };
		63F5572221AFB63100395FAF /* Info.plist */ = {isa = PBXFileReference; lastKnownFileType = text.plist.xml; path = Info.plist; sourceTree = "<group>"; };
		63F5572721AFB63100395FAF /* JenkinsGitProjUITests.xctest */ = {isa = PBXFileReference; explicitFileType = wrapper.cfbundle; includeInIndex = 0; path = JenkinsGitProjUITests.xctest; sourceTree = BUILT_PRODUCTS_DIR; };
		63F5572B21AFB63100395FAF /* JenkinsGitProjUITests.swift */ = {isa = PBXFileReference; lastKnownFileType = sourcecode.swift; path = JenkinsGitProjUITests.swift; sourceTree = "<group>"; };
		63F5572D21AFB63100395FAF /* Info.plist */ = {isa = PBXFileReference; lastKnownFileType = text.plist.xml; path = Info.plist; sourceTree = "<group>"; };
/* End PBXFileReference section */

/* Begin PBXFrameworksBuildPhase section */
		63F5570521AFB62E00395FAF /* Frameworks */ = {
			isa = PBXFrameworksBuildPhase;
			buildActionMask = 2147483647;
			files = (
			);
			runOnlyForDeploymentPostprocessing = 0;
		};
		63F5571921AFB63100395FAF /* Frameworks */ = {
			isa = PBXFrameworksBuildPhase;
			buildActionMask = 2147483647;
			files = (
			);
			runOnlyForDeploymentPostprocessing = 0;
		};
		63F5572421AFB63100395FAF /* Frameworks */ = {
			isa = PBXFrameworksBuildPhase;
			buildActionMask = 2147483647;
			files = (
			);
			runOnlyForDeploymentPostprocessing = 0;
		};
/* End PBXFrameworksBuildPhase section */

/* Begin PBXGroup section */
		63F556FF21AFB62E00395FAF = {
			isa = PBXGroup;
			children = (
				63F5570A21AFB62E00395FAF /* JenkinsGitProj */,
				63F5571F21AFB63100395FAF /* JenkinsGitProjTests */,
				63F5572A21AFB63100395FAF /* JenkinsGitProjUITests */,
				63F5570921AFB62E00395FAF /* Products */,
			);
			sourceTree = "<group>";
		};
		63F5570921AFB62E00395FAF /* Products */ = {
			isa = PBXGroup;
			children = (
				63F5570821AFB62E00395FAF /* JenkinsGitProj.app */,
				63F5571C21AFB63100395FAF /* JenkinsGitProjTests.xctest */,
				63F5572721AFB63100395FAF /* JenkinsGitProjUITests.xctest */,
			);
			name = Products;
			sourceTree = "<group>";
		};
		63F5570A21AFB62E00395FAF /* JenkinsGitProj */ = {
			isa = PBXGroup;
			children = (
				63F5570B21AFB62E00395FAF /* AppDelegate.swift */,
				63F5570D21AFB62E00395FAF /* ViewController.swift */,
				63F5570F21AFB62E00395FAF /* Main.storyboard */,
				63F5571221AFB63100395FAF /* Assets.xcassets */,
				63F5571421AFB63100395FAF /* LaunchScreen.storyboard */,
				63F5571721AFB63100395FAF /* Info.plist */,
			);
			path = JenkinsGitProj;
			sourceTree = "<group>";
		};
		63F5571F21AFB63100395FAF /* JenkinsGitProjTests */ = {
			isa = PBXGroup;
			children = (
				63F5572021AFB63100395FAF /* JenkinsGitProjTests.swift */,
				63F5572221AFB63100395FAF /* Info.plist */,
			);
			path = JenkinsGitProjTests;
			sourceTree = "<group>";
		};
		63F5572A21AFB63100395FAF /* JenkinsGitProjUITests */ = {
			isa = PBXGroup;
			children = (
				63F5572B21AFB63100395FAF /* JenkinsGitProjUITests.swift */,
				63F5572D21AFB63100395FAF /* Info.plist */,
			);
			path = JenkinsGitProjUITests;
			sourceTree = "<group>";
		};
/* End PBXGroup section */

/* Begin PBXNativeTarget section */
		63F5570721AFB62E00395FAF /* JenkinsGitProj */ = {
			isa = PBXNativeTarget;
			buildConfigurationList = 63F5573021AFB63100395FAF /* Build configuration list for PBXNativeTarget "JenkinsGitProj" */;
			buildPhases = (
				63F5570421AFB62E00395FAF /* Sources */,
				63F5570521AFB62E00395FAF /* Frameworks */,
				63F5570621AFB62E00395FAF /* Resources */,
			);
			buildRules = (
			);
			dependencies = (
			);
			name = JenkinsGitProj;
			productName = JenkinsGitProj;
			productReference = 63F5570821AFB62E00395FAF /* JenkinsGitProj.app */;
			productType = "com.apple.product-type.application";
		};
		63F5571B21AFB63100395FAF /* JenkinsGitProjTests */ = {
			isa = PBXNativeTarget;
			buildConfigurationList = 63F5573321AFB63100395FAF /* Build configuration list for PBXNativeTarget "JenkinsGitProjTests" */;
			buildPhases = (
				63F5571821AFB63100395FAF /* Sources */,
				63F5571921AFB63100395FAF /* Frameworks */,
				63F5571A21AFB63100395FAF /* Resources */,
			);
			buildRules = (
			);
			dependencies = (
				63F5571E21AFB63100395FAF /* PBXTargetDependency */,
			);
			name = JenkinsGitProjTests;
			productName = JenkinsGitProjTests;
			productReference = 63F5571C21AFB63100395FAF /* JenkinsGitProjTests.xctest */;
			productType = "com.apple.product-type.bundle.unit-test";
		};
		63F5572621AFB63100395FAF /* JenkinsGitProjUITests */ = {
			isa = PBXNativeTarget;
			buildConfigurationList = 63F5573621AFB63100395FAF /* Build configuration list for PBXNativeTarget "JenkinsGitProjUITests" */;
			buildPhases = (
				63F5572321AFB63100395FAF /* Sources */,
				63F5572421AFB63100395FAF /* Frameworks */,
				63F5572521AFB63100395FAF /* Resources */,
			);
			buildRules = (
			);
			dependencies = (
				63F5572921AFB63100395FAF /* PBXTargetDependency */,
			);
			name = JenkinsGitProjUITests;
			productName = JenkinsGitProjUITests;
			productReference = 63F5572721AFB63100395FAF /* JenkinsGitProjUITests.xctest */;
			productType = "com.apple.product-type.bundle.ui-testing";
		};
/* End PBXNativeTarget section */

/* Begin PBXProject section */
		63F5570021AFB62E00395FAF /* Project object */ = {
			isa = PBXProject;
			attributes = {
				LastSwiftUpdateCheck = 1010;
				LastUpgradeCheck = 1010;
				ORGANIZATIONNAME = "Bharath Vanapala";
				TargetAttributes = {
					63F5570721AFB62E00395FAF = {
						CreatedOnToolsVersion = 10.1;
					};
					63F5571B21AFB63100395FAF = {
						CreatedOnToolsVersion = 10.1;
						TestTargetID = 63F5570721AFB62E00395FAF;
					};
					63F5572621AFB63100395FAF = {
						CreatedOnToolsVersion = 10.1;
						TestTargetID = 63F5570721AFB62E00395FAF;
					};
				};
			};
			buildConfigurationList = 63F5570321AFB62E00395FAF /* Build configuration list for PBXProject "JenkinsGitProj" */;
			compatibilityVersion = "Xcode 9.3";
			developmentRegion = en;
			hasScannedForEncodings = 0;
			knownRegions = (
				en,
				Base,
			);
			mainGroup = 63F556FF21AFB62E00395FAF;
			productRefGroup = 63F5570921AFB62E00395FAF /* Products */;
			projectDirPath = "";
			projectRoot = "";
			targets = (
				63F5570721AFB62E00395FAF /* JenkinsGitProj */,
				63F5571B21AFB63100395FAF /* JenkinsGitProjTests */,
				63F5572621AFB63100395FAF /* JenkinsGitProjUITests */,
			);
		};
/* End PBXProject section */

/* Begin PBXResourcesBuildPhase section */
		63F5570621AFB62E00395FAF /* Resources */ = {
			isa = PBXResourcesBuildPhase;
			buildActionMask = 2147483647;
			files = (
				63F5571621AFB63100395FAF /* LaunchScreen.storyboard in Resources */,
				63F5571321AFB63100395FAF /* Assets.xcassets in Resources */,
				63F5571121AFB62E00395FAF /* Main.storyboard in Resources */,
			);
			runOnlyForDeploymentPostprocessing = 0;
		};
		63F5571A21AFB63100395FAF /* Resources */ = {
			isa = PBXResourcesBuildPhase;
			buildActionMask = 2147483647;
			files = (
			);
			runOnlyForDeploymentPostprocessing = 0;
		};
		63F5572521AFB63100395FAF /* Resources */ = {
			isa = PBXResourcesBuildPhase;
			buildActionMask = 2147483647;
			files = (
			);
			runOnlyForDeploymentPostprocessing = 0;
		};
/* End PBXResourcesBuildPhase section */

/* Begin PBXSourcesBuildPhase section */
		63F5570421AFB62E00395FAF /* Sources */ = {
			isa = PBXSourcesBuildPhase;
			buildActionMask = 2147483647;
			files = (
				63F5570E21AFB62E00395FAF /* ViewController.swift in Sources */,
				63F5570C21AFB62E00395FAF /* AppDelegate.swift in Sources */,
			);
			runOnlyForDeploymentPostprocessing = 0;
		};
		63F5571821AFB63100395FAF /* Sources */ = {
			isa = PBXSourcesBuildPhase;
			buildActionMask = 2147483647;
			files = (
				63F5572121AFB63100395FAF /* JenkinsGitProjTests.swift in Sources */,
			);
			runOnlyForDeploymentPostprocessing = 0;
		};
		63F5572321AFB63100395FAF /* Sources */ = {
			isa = PBXSourcesBuildPhase;
			buildActionMask = 2147483647;
			files = (
				63F5572C21AFB63100395FAF /* JenkinsGitProjUITests.swift in Sources */,
			);
			runOnlyForDeploymentPostprocessing = 0;
		};
/* End PBXSourcesBuildPhase section */

/* Begin PBXTargetDependency section */
		63F5571E21AFB63100395FAF /* PBXTargetDependency */ = {
			isa = PBXTargetDependency;
			target = 63F5570721AFB62E00395FAF /* JenkinsGitProj */;
			targetProxy = 63F5571D21AFB63100395FAF /* PBXContainerItemProxy */;
		};
		63F5572921AFB63100395FAF /* PBXTargetDependency */ = {
			isa = PBXTargetDependency;
			target = 63F5570721AFB62E00395FAF /* JenkinsGitProj */;
			targetProxy = 63F5572821AFB63100395FAF /* PBXContainerItemProxy */;
		};
/* End PBXTargetDependency section */

/* Begin PBXVariantGroup section */
		63F5570F21AFB62E00395FAF /* Main.storyboard */ = {
			isa = PBXVariantGroup;
			children = (
				63F5571021AFB62E00395FAF /* Base */,
			);
			name = Main.storyboard;
			sourceTree = "<group>";
		};
		63F5571421AFB63100395FAF /* LaunchScreen.storyboard */ = {
			isa = PBXVariantGroup;
			children = (
				63F5571521AFB63100395FAF /* Base */,
			);
			name = LaunchScreen.storyboard;
			sourceTree = "<group>";
		};
/* End PBXVariantGroup section */

/* Begin XCBuildConfiguration section */
		63F5572E21AFB63100395FAF /* Debug */ = {
			isa = XCBuildConfiguration;
			buildSettings = {
				ALWAYS_SEARCH_USER_PATHS = NO;
				CLANG_ANALYZER_NONNULL = YES;
				CLANG_ANALYZER_NUMBER_OBJECT_CONVERSION = YES_AGGRESSIVE;
				CLANG_CXX_LANGUAGE_STANDARD = "gnu++14";
				CLANG_CXX_LIBRARY = "libc++";
				CLANG_ENABLE_MODULES = YES;
				CLANG_ENABLE_OBJC_ARC = YES;
				CLANG_ENABLE_OBJC_WEAK = YES;
				CLANG_WARN_BLOCK_CAPTURE_AUTORELEASING = YES;
				CLANG_WARN_BOOL_CONVERSION = YES;
				CLANG_WARN_COMMA = YES;
				CLANG_WARN_CONSTANT_CONVERSION = YES;
				CLANG_WARN_DEPRECATED_OBJC_IMPLEMENTATIONS = YES;
				CLANG_WARN_DIRECT_OBJC_ISA_USAGE = YES_ERROR;
				CLANG_WARN_DOCUMENTATION_COMMENTS = YES;
				CLANG_WARN_EMPTY_BODY = YES;
				CLANG_WARN_ENUM_CONVERSION = YES;
				CLANG_WARN_INFINITE_RECURSION = YES;
				CLANG_WARN_INT_CONVERSION = YES;
				CLANG_WARN_NON_LITERAL_NULL_CONVERSION = YES;
				CLANG_WARN_OBJC_IMPLICIT_RETAIN_SELF = YES;
				CLANG_WARN_OBJC_LITERAL_CONVERSION = YES;
				CLANG_WARN_OBJC_ROOT_CLASS = YES_ERROR;
				CLANG_WARN_RANGE_LOOP_ANALYSIS = YES;
				CLANG_WARN_STRICT_PROTOTYPES = YES;
				CLANG_WARN_SUSPICIOUS_MOVE = YES;
				CLANG_WARN_UNGUARDED_AVAILABILITY = YES_AGGRESSIVE;
				CLANG_WARN_UNREACHABLE_CODE = YES;
				CLANG_WARN__DUPLICATE_METHOD_MATCH = YES;
				CODE_SIGN_IDENTITY = "iPhone Developer";
				COPY_PHASE_STRIP = NO;
				DEBUG_INFORMATION_FORMAT = dwarf;
				ENABLE_STRICT_OBJC_MSGSEND = YES;
				ENABLE_TESTABILITY = YES;
				GCC_C_LANGUAGE_STANDARD = gnu11;
				GCC_DYNAMIC_NO_PIC = NO;
				GCC_NO_COMMON_BLOCKS = YES;
				GCC_OPTIMIZATION_LEVEL = 0;
				GCC_PREPROCESSOR_DEFINITIONS = (
					"DEBUG=1",
					"$(inherited)",
				);
				GCC_WARN_64_TO_32_BIT_CONVERSION = YES;
				GCC_WARN_ABOUT_RETURN_TYPE = YES_ERROR;
				GCC_WARN_UNDECLARED_SELECTOR = YES;
				GCC_WARN_UNINITIALIZED_AUTOS = YES_AGGRESSIVE;
				GCC_WARN_UNUSED_FUNCTION = YES;
				GCC_WARN_UNUSED_VARIABLE = YES;
				IPHONEOS_DEPLOYMENT_TARGET = 12.1;
				MTL_ENABLE_DEBUG_INFO = INCLUDE_SOURCE;
				MTL_FAST_MATH = YES;
				ONLY_ACTIVE_ARCH = YES;
				SDKROOT = iphoneos;
				SWIFT_ACTIVE_COMPILATION_CONDITIONS = DEBUG;
				SWIFT_OPTIMIZATION_LEVEL = "-Onone";
			};
			name = Debug;
		};
		63F5572F21AFB63100395FAF /* Release */ = {
			isa = XCBuildConfiguration;
			buildSettings = {
				ALWAYS_SEARCH_USER_PATHS = NO;
				CLANG_ANALYZER_NONNULL = YES;
				CLANG_ANALYZER_NUMBER_OBJECT_CONVERSION = YES_AGGRESSIVE;
				CLANG_CXX_LANGUAGE_STANDARD = "gnu++14";
				CLANG_CXX_LIBRARY = "libc++";
				CLANG_ENABLE_MODULES = YES;
				CLANG_ENABLE_OBJC_ARC = YES;
				CLANG_ENABLE_OBJC_WEAK = YES;
				CLANG_WARN_BLOCK_CAPTURE_AUTORELEASING = YES;
				CLANG_WARN_BOOL_CONVERSION = YES;
				CLANG_WARN_COMMA = YES;
				CLANG_WARN_CONSTANT_CONVERSION = YES;
				CLANG_WARN_DEPRECATED_OBJC_IMPLEMENTATIONS = YES;
				CLANG_WARN_DIRECT_OBJC_ISA_USAGE = YES_ERROR;
				CLANG_WARN_DOCUMENTATION_COMMENTS = YES;
				CLANG_WARN_EMPTY_BODY = YES;
				CLANG_WARN_ENUM_CONVERSION = YES;
				CLANG_WARN_INFINITE_RECURSION = YES;
				CLANG_WARN_INT_CONVERSION = YES;
				CLANG_WARN_NON_LITERAL_NULL_CONVERSION = YES;
				CLANG_WARN_OBJC_IMPLICIT_RETAIN_SELF = YES;
				CLANG_WARN_OBJC_LITERAL_CONVERSION = YES;
				CLANG_WARN_OBJC_ROOT_CLASS = YES_ERROR;
				CLANG_WARN_RANGE_LOOP_ANALYSIS = YES;
				CLANG_WARN_STRICT_PROTOTYPES = YES;
				CLANG_WARN_SUSPICIOUS_MOVE = YES;
				CLANG_WARN_UNGUARDED_AVAILABILITY = YES_AGGRESSIVE;
				CLANG_WARN_UNREACHABLE_CODE = YES;
				CLANG_WARN__DUPLICATE_METHOD_MATCH = YES;
				CODE_SIGN_IDENTITY = "iPhone Developer";
				COPY_PHASE_STRIP = NO;
				DEBUG_INFORMATION_FORMAT = "dwarf-with-dsym";
				ENABLE_NS_ASSERTIONS = NO;
				ENABLE_STRICT_OBJC_MSGSEND = YES;
				GCC_C_LANGUAGE_STANDARD = gnu11;
				GCC_NO_COMMON_BLOCKS = YES;
				GCC_WARN_64_TO_32_BIT_CONVERSION = YES;
				GCC_WARN_ABOUT_RETURN_TYPE = YES_ERROR;
				GCC_WARN_UNDECLARED_SELECTOR = YES;
				GCC_WARN_UNINITIALIZED_AUTOS = YES_AGGRESSIVE;
				GCC_WARN_UNUSED_FUNCTION = YES;
				GCC_WARN_UNUSED_VARIABLE = YES;
				IPHONEOS_DEPLOYMENT_TARGET = 12.1;
				MTL_ENABLE_DEBUG_INFO = NO;
				MTL_FAST_MATH = YES;
				SDKROOT = iphoneos;
				SWIFT_COMPILATION_MODE = wholemodule;
				SWIFT_OPTIMIZATION_LEVEL = "-O";
				VALIDATE_PRODUCT = YES;
			};
			name = Release;
		};
		63F5573121AFB63100395FAF /* Debug */ = {
			isa = XCBuildConfiguration;
			buildSettings = {
				ASSETCATALOG_COMPILER_APPICON_NAME = AppIcon;
				CODE_SIGN_STYLE = Automatic;
				INFOPLIST_FILE = JenkinsGitProj/Info.plist;
				LD_RUNPATH_SEARCH_PATHS = (
					"$(inherited)",
					"@executable_path/Frameworks",
				);
				PRODUCT_BUNDLE_IDENTIFIER = com.Juniper.JenkinsGitProj;
				PRODUCT_NAME = "$(TARGET_NAME)";
				SWIFT_VERSION = 4.2;
				TARGETED_DEVICE_FAMILY = "1,2";
			};
			name = Debug;
		};
		63F5573221AFB63100395FAF /* Release */ = {
			isa = XCBuildConfiguration;
			buildSettings = {
				ASSETCATALOG_COMPILER_APPICON_NAME = AppIcon;
				CODE_SIGN_STYLE = Automatic;
				INFOPLIST_FILE = JenkinsGitProj/Info.plist;
				LD_RUNPATH_SEARCH_PATHS = (
					"$(inherited)",
					"@executable_path/Frameworks",
				);
				PRODUCT_BUNDLE_IDENTIFIER = com.Juniper.JenkinsGitProj;
				PRODUCT_NAME = "$(TARGET_NAME)";
				SWIFT_VERSION = 4.2;
				TARGETED_DEVICE_FAMILY = "1,2";
			};
			name = Release;
		};
		63F5573421AFB63100395FAF /* Debug */ = {
			isa = XCBuildConfiguration;
			buildSettings = {
				ALWAYS_EMBED_SWIFT_STANDARD_LIBRARIES = YES;
				BUNDLE_LOADER = "$(TEST_HOST)";
				CODE_SIGN_STYLE = Automatic;
				INFOPLIST_FILE = JenkinsGitProjTests/Info.plist;
				LD_RUNPATH_SEARCH_PATHS = (
					"$(inherited)",
					"@executable_path/Frameworks",
					"@loader_path/Frameworks",
				);
				PRODUCT_BUNDLE_IDENTIFIER = com.Juniper.JenkinsGitProjTests;
				PRODUCT_NAME = "$(TARGET_NAME)";
				SWIFT_VERSION = 4.2;
				TARGETED_DEVICE_FAMILY = "1,2";
				TEST_HOST = "$(BUILT_PRODUCTS_DIR)/JenkinsGitProj.app/JenkinsGitProj";
			};
			name = Debug;
		};
		63F5573521AFB63100395FAF /* Release */ = {
			isa = XCBuildConfiguration;
			buildSettings = {
				ALWAYS_EMBED_SWIFT_STANDARD_LIBRARIES = YES;
				BUNDLE_LOADER = "$(TEST_HOST)";
				CODE_SIGN_STYLE = Automatic;
				INFOPLIST_FILE = JenkinsGitProjTests/Info.plist;
				LD_RUNPATH_SEARCH_PATHS = (
					"$(inherited)",
					"@executable_path/Frameworks",
					"@loader_path/Frameworks",
				);
				PRODUCT_BUNDLE_IDENTIFIER = com.Juniper.JenkinsGitProjTests;
				PRODUCT_NAME = "$(TARGET_NAME)";
				SWIFT_VERSION = 4.2;
				TARGETED_DEVICE_FAMILY = "1,2";
				TEST_HOST = "$(BUILT_PRODUCTS_DIR)/JenkinsGitProj.app/JenkinsGitProj";
			};
			name = Release;
		};
		63F5573721AFB63100395FAF /* Debug */ = {
			isa = XCBuildConfiguration;
			buildSettings = {
				ALWAYS_EMBED_SWIFT_STANDARD_LIBRARIES = YES;
				CODE_SIGN_STYLE = Automatic;
				INFOPLIST_FILE = JenkinsGitProjUITests/Info.plist;
				LD_RUNPATH_SEARCH_PATHS = (
					"$(inherited)",
					"@executable_path/Frameworks",
					"@loader_path/Frameworks",
				);
				PRODUCT_BUNDLE_IDENTIFIER = com.Juniper.JenkinsGitProjUITests;
				PRODUCT_NAME = "$(TARGET_NAME)";
				SWIFT_VERSION = 4.2;
				TARGETED_DEVICE_FAMILY = "1,2";
				TEST_TARGET_NAME = JenkinsGitProj;
			};
			name = Debug;
		};
		63F5573821AFB63100395FAF /* Release */ = {
			isa = XCBuildConfiguration;
			buildSettings = {
				ALWAYS_EMBED_SWIFT_STANDARD_LIBRARIES = YES;
				CODE_SIGN_STYLE = Automatic;
				INFOPLIST_FILE = JenkinsGitProjUITests/Info.plist;
				LD_RUNPATH_SEARCH_PATHS = (
					"$(inherited)",
					"@executable_path/Frameworks",
					"@loader_path/Frameworks",
				);
				PRODUCT_BUNDLE_IDENTIFIER = com.Juniper.JenkinsGitProjUITests;
				PRODUCT_NAME = "$(TARGET_NAME)";
				SWIFT_VERSION = 4.2;
				TARGETED_DEVICE_FAMILY = "1,2";
				TEST_TARGET_NAME = JenkinsGitProj;
			};
			name = Release;
		};
/* End XCBuildConfiguration section */

/* Begin XCConfigurationList section */
		63F5570321AFB62E00395FAF /* Build configuration list for PBXProject "JenkinsGitProj" */ = {
			isa = XCConfigurationList;
			buildConfigurations = (
				63F5572E21AFB63100395FAF /* Debug */,
				63F5572F21AFB63100395FAF /* Release */,
			);
			defaultConfigurationIsVisible = 0;
			defaultConfigurationName = Release;
		};
		63F5573021AFB63100395FAF /* Build configuration list for PBXNativeTarget "JenkinsGitProj" */ = {
			isa = XCConfigurationList;
			buildConfigurations = (
				63F5573121AFB63100395FAF /* Debug */,
				63F5573221AFB63100395FAF /* Release */,
			);
			defaultConfigurationIsVisible = 0;
			defaultConfigurationName = Release;
		};
		63F5573321AFB63100395FAF /* Build configuration list for PBXNativeTarget "JenkinsGitProjTests" */ = {
			isa = XCConfigurationList;
			buildConfigurations = (
				63F5573421AFB63100395FAF /* Debug */,
				63F5573521AFB63100395FAF /* Release */,
			);
			defaultConfigurationIsVisible = 0;
			defaultConfigurationName = Release;
		};
		63F5573621AFB63100395FAF /* Build configuration list for PBXNativeTarget "JenkinsGitProjUITests" */ = {
			isa = XCConfigurationList;
			buildConfigurations = (
				63F5573721AFB63100395FAF /* Debug */,
				63F5573821AFB63100395FAF /* Release */,
			);
			defaultConfigurationIsVisible = 0;
			defaultConfigurationName = Release;
		};
/* End XCConfigurationList section */
	};
	rootObject = 63F5570021AFB62E00395FAF /* Project object */;
}
